{
  "nodes": {
    "fishFzf": {
      "flake": false,
      "locked": {
        "lastModified": 1781825110,
        "narHash": "sha256-ql8UncXGwOIpyC49w1bCRfynRB02u7s1a1rOWTfKcTk=",
        "owner": "PatrickF1",
        "repo": "fzf.fish",
        "rev": "6a6136998879dcc1f29a405dfdd6b92c5f229c39",
        "type": "github"
      },
      "original": {
        "owner": "PatrickF1",
        "repo": "fzf.fish",
        "type": "github"
      }
    },
    "home-manager": {
      "inputs": {
        "nixpkgs": [
          "nixpkgs"
        ]
      },
      "locked": {
        "lastModified": 1783358420,
        "narHash": "sha256-UEyBpf+XmQe8laXfDzIlo11Er7E0rKrLS8jeMnMj0Ds=",
        "owner": "nix-community",
        "repo": "home-manager",
        "rev": "0d33882bd46c1f9ef62276700f5e5f2bd6ff6604",
        "type": "github"
      },
      "original": {
        "owner": "nix-community",
        "repo": "home-manager",
        "type": "github"
      }
    },
    "nixpkgs": {
      "locked": {
        "lastModified": 1783279667,
        "narHash": "sha256-/NAkDSsve+GNM0Bt6tleJdCGfsTlK89nPjkVOzZMo0s=",
        "owner": "NixOS",
        "repo": "nixpkgs",
        "rev": "f205b5574fd0cb7da5b702a2da51507b7f4fdd1b",
        "type": "github"
      },
      "original": {
        "owner": "NixOS",
        "ref": "nixpkgs-unstable",
        "repo": "nixpkgs",
        "type": "github"
      }
    },
    "root": {
      "inputs": {
        "fishFzf": "fishFzf",
        "home-manager": "home-manager",
        "nixpkgs": "nixpkgs",
        "tokyonight": "tokyonight"
      }
    },
    "tokyonight": {
      "flake": false,
      "locked": {
        "lastModified": 1774363414,
        "narHash": "sha256-a9iRWue7DB7s/wNdxqqB51Jya5P9X6sDftqhdmKggU0=",
        "owner": "folke",
        "repo": "tokyonight.nvim",
        "rev": "cdc07ac78467a233fd62c493de29a17e0cf2b2b6",
        "type": "github"
      },
      "original": {
        "owner": "folke",
        "repo": "tokyonight.nvim",
        "type": "github"
      }
    }
  },
  "root": "root",
  "version": 7
}
